
Microsoft Visual Studio Solution File, Format Version 12.00
# Visual Studio 15
VisualStudioVersion = 15.0.28307.902
MinimumVisualStudioVersion = 10.0.40219.1
Project("{FAE04EC0-301F-11D3-BF4B-00C04F79EFBC}") = "SqlBulkCopyComponents", "SqlBulkCopyComponents\SqlBulkCopyComponents.csproj", "{AC9A45FB-5ED2-4A07-A2E7-520D2A0D096E}"
EndProject
Global
	GlobalSection(SolutionConfigurationPlatforms) = preSolution
		Debug|Any CPU = Debug|Any CPU
		Release|Any CPU = Release|Any CPU
	EndGlobalSection
	GlobalSection(ProjectConfigurationPlatforms) = postSolution
		{AC9A45FB-5ED2-4A07-A2E7-520D2A0D096E}.Debug|Any CPU.ActiveCfg = Debug|Any CPU
		{AC9A45FB-5ED2-4A07-A2E7-520D2A0D096E}.Debug|Any CPU.Build.0 = Debug|Any CPU
		{AC9A45FB-5ED2-4A07-A2E7-520D2A0D096E}.Release|Any CPU.ActiveCfg = Release|Any CPU
		{AC9A45FB-5ED2-4A07-A2E7-520D2A0D096E}.Release|Any CPU.Build.0 = Release|Any CPU
	EndGlobalSection
	GlobalSection(SolutionProperties) = preSolution
		HideSolutionNode = FALSE
	EndGlobalSection
	GlobalSection(ExtensibilityGlobals) = postSolution
		SolutionGuid = {E80A3345-365F-44BC-8D73-23C0ED21025D}
	EndGlobalSection
EndGlobal
